# This file is automatically @generated by Cargo.
# It is not intended for manual editing.
version = 4

[[package]]
name = "bridge"
version = "0.1.0"
dependencies = [
 "helper",
 "leaf",
 "shared",
]

[[package]]
name = "build-macro"
version = "0.1.0"
dependencies = [
 "helper",
 "shared",
]

[[package]]
name = "first-party-build-dependency"
version = "0.1.0"
dependencies = [
 "bridge",
 "build-macro",
 "helper",
 "leaf",
 "shared",
]

[[package]]
name = "helper"
version = "0.1.0"
dependencies = [
 "leaf",
 "optional-helper",
 "shared",
]

[[package]]
name = "leaf"
version = "0.1.0"

[[package]]
name = "optional-helper"
version = "0.1.0"

[[package]]
name = "shared"
version = "0.1.0"
dependencies = [
 "leaf",
]
