# This file is automatically @generated by Cargo.
# It is not intended for manual editing.
version = 4

[[package]]
name = "build-exec-feature-split"
version = "0.1.0"
dependencies = [
 "feature-split-consumer",
 "feature-split-shared",
]

[[package]]
name = "build-only-helper"
version = "0.1.0"
dependencies = [
 "feature-split-shared",
]

[[package]]
name = "feature-split-build-macro"
version = "0.1.0"
dependencies = [
 "feature-split-shared",
]

[[package]]
name = "feature-split-consumer"
version = "0.1.0"
dependencies = [
 "build-only-helper",
 "feature-split-build-macro",
 "feature-split-macro",
 "feature-split-shared",
 "feature-split-wrapper",
]

[[package]]
name = "feature-split-macro"
version = "0.1.0"
dependencies = [
 "feature-split-macro-helper",
]

[[package]]
name = "feature-split-macro-helper"
version = "0.1.0"

[[package]]
name = "feature-split-shared"
version = "0.1.0"

[[package]]
name = "feature-split-wrapper"
version = "0.1.0"
dependencies = [
 "feature-split-shared",
]
